
Microsoft Visual Studio Solution File, Format Version 12.00
# Visual Studio 15
VisualStudioVersion = 15.0.28307.645
MinimumVisualStudioVersion = 10.0.40219.1
Project("{FAE04EC0-301F-11D3-BF4B-00C04F79EFBC}") = "Ex04.Menus.Interfaces", "Ex04.Menus.Interfaces\Ex04.Menus.Interfaces.csproj", "{8CC65B7C-2148-450C-BF1F-C9487725E0EA}"
EndProject
Project("{FAE04EC0-301F-11D3-BF4B-00C04F79EFBC}") = "Ex04.Menus.Delegates", "Ex04.Menus.Delegates\Ex04.Menus.Delegates.csproj", "{ED7CF23C-97BA-4379-8A94-691DAE0040EC}"
EndProject
Project("{FAE04EC0-301F-11D3-BF4B-00C04F79EFBC}") = "Ex04.Menus.Test", "Ex04.Menus.Test\Ex04.Menus.Test.csproj", "{54AC4A9B-0DA9-4324-AB1A-17819127AC3E}"
EndProject
Global
	GlobalSection(SolutionConfigurationPlatforms) = preSolution
		Debug|Any CPU = Debug|Any CPU
		Release|Any CPU = Release|Any CPU
	EndGlobalSection
	GlobalSection(ProjectConfigurationPlatforms) = postSolution
		{8CC65B7C-2148-450C-BF1F-C9487725E0EA}.Debug|Any CPU.ActiveCfg = Debug|Any CPU
		{8CC65B7C-2148-450C-BF1F-C9487725E0EA}.Debug|Any CPU.Build.0 = Debug|Any CPU
		{8CC65B7C-2148-450C-BF1F-C9487725E0EA}.Release|Any CPU.ActiveCfg = Release|Any CPU
		{8CC65B7C-2148-450C-BF1F-C9487725E0EA}.Release|Any CPU.Build.0 = Release|Any CPU
		{ED7CF23C-97BA-4379-8A94-691DAE0040EC}.Debug|Any CPU.ActiveCfg = Debug|Any CPU
		{ED7CF23C-97BA-4379-8A94-691DAE0040EC}.Debug|Any CPU.Build.0 = Debug|Any CPU
		{ED7CF23C-97BA-4379-8A94-691DAE0040EC}.Release|Any CPU.ActiveCfg = Release|Any CPU
		{ED7CF23C-97BA-4379-8A94-691DAE0040EC}.Release|Any CPU.Build.0 = Release|Any CPU
		{54AC4A9B-0DA9-4324-AB1A-17819127AC3E}.Debug|Any CPU.ActiveCfg = Debug|Any CPU
		{54AC4A9B-0DA9-4324-AB1A-17819127AC3E}.Debug|Any CPU.Build.0 = Debug|Any CPU
		{54AC4A9B-0DA9-4324-AB1A-17819127AC3E}.Release|Any CPU.ActiveCfg = Release|Any CPU
		{54AC4A9B-0DA9-4324-AB1A-17819127AC3E}.Release|Any CPU.Build.0 = Release|Any CPU
	EndGlobalSection
	GlobalSection(SolutionProperties) = preSolution
		HideSolutionNode = FALSE
	EndGlobalSection
	GlobalSection(ExtensibilityGlobals) = postSolution
		SolutionGuid = {8040E52E-2DD7-43A4-92A0-6E935802DEF7}
	EndGlobalSection
EndGlobal
