
Microsoft Visual Studio Solution File, Format Version 12.00
# Visual Studio 15
VisualStudioVersion = 15.0.28307.645
MinimumVisualStudioVersion = 10.0.40219.1
Project("{FAE04EC0-301F-11D3-BF4B-00C04F79EFBC}") = "Ex03.GarageLogic", "Ex03.GarageLogic\Ex03.GarageLogic.csproj", "{96F7DDD7-D4F7-4A8F-9025-40AD2B28F5D7}"
EndProject
Project("{FAE04EC0-301F-11D3-BF4B-00C04F79EFBC}") = "Ex03.ConsoleUI", "Ex03.ConsoleUI\Ex03.ConsoleUI.csproj", "{8E3624BD-6E8B-4777-8CD7-E5DA7E179E05}"
EndProject
Global
	GlobalSection(SolutionConfigurationPlatforms) = preSolution
		Debug|Any CPU = Debug|Any CPU
		Release|Any CPU = Release|Any CPU
	EndGlobalSection
	GlobalSection(ProjectConfigurationPlatforms) = postSolution
		{96F7DDD7-D4F7-4A8F-9025-40AD2B28F5D7}.Debug|Any CPU.ActiveCfg = Debug|Any CPU
		{96F7DDD7-D4F7-4A8F-9025-40AD2B28F5D7}.Debug|Any CPU.Build.0 = Debug|Any CPU
		{96F7DDD7-D4F7-4A8F-9025-40AD2B28F5D7}.Release|Any CPU.ActiveCfg = Release|Any CPU
		{96F7DDD7-D4F7-4A8F-9025-40AD2B28F5D7}.Release|Any CPU.Build.0 = Release|Any CPU
		{8E3624BD-6E8B-4777-8CD7-E5DA7E179E05}.Debug|Any CPU.ActiveCfg = Debug|Any CPU
		{8E3624BD-6E8B-4777-8CD7-E5DA7E179E05}.Debug|Any CPU.Build.0 = Debug|Any CPU
		{8E3624BD-6E8B-4777-8CD7-E5DA7E179E05}.Release|Any CPU.ActiveCfg = Release|Any CPU
		{8E3624BD-6E8B-4777-8CD7-E5DA7E179E05}.Release|Any CPU.Build.0 = Release|Any CPU
	EndGlobalSection
	GlobalSection(SolutionProperties) = preSolution
		HideSolutionNode = FALSE
	EndGlobalSection
	GlobalSection(ExtensibilityGlobals) = postSolution
		SolutionGuid = {A78E98DE-287E-4119-A57A-52D17301C896}
	EndGlobalSection
EndGlobal
